github.com/BurntSushi/toml v0.3.1/go.mod h1:xHWCNGjB5oqiDr8zfno3MHue2Ht5sIBksp03qcyfWMU=
github.com/FactomProject/basen v0.0.0-20150613233007-fe3947df716e h1:ahyvB3q25YnZWly5Gq1ekg6jcmWaGj/vG/MhF4aisoc=
github.com/FactomProject/basen v0.0.0-20150613233007-fe3947df716e/go.mod h1:kGUqhHd//musdITWjFvNTHn90WG9bMLBEPQZ17Cmlpw=
github.com/JohnCGriffin/overflow v0.0.0-20170615021017-4d914c927216 h1:2ZboyJ8vl75fGesnG9NpMTD2DyQI3FzMXy4x752rGF0=
github.com/JohnCGriffin/overflow v0.0.0-20170615021017-4d914c927216/go.mod h1:X0CRv0ky0k6m906ixxpzmDRLvX58TFUKS2eePweuyxk=
github.com/Workiva/go-datastructures v1.0.50 h1:slDmfW6KCHcC7U+LP3DDBbm4fqTwZGn1beOFPfGaLvo=
github.com/Workiva/go-datastructures v1.0.50/go.mod h1:Z+F2Rca0qCsVYDS8z7bAGm8f3UkzuWYS/oBZz5a7VVA=
github.com/cmars/basen v0.0.0-20150613233007-fe3947df716e/go.mod h1:P13beTBKr5Q18lJe1rIoLUqjM+CB1zYrRg44ZqGuQSA=
github.com/cpuguy83/go-md2man/v2 v2.0.0-20190314233015-f79a8a8ca69d/go.mod h1:maD7wRr/U5Z6m/iR4s+kqSMx2CaBsrgA7czyZG/E6dU=
github.com/davecgh/go-spew v1.1.0/go.mod h1:J7Y8YcW2NihsgmVo/mv3lAwl/skON4iLHjSsI+c5H38=
github.com/edsrzf/mmap-go v1.0.0 h1:CEBF7HpRnUCSJgGUb5h1Gm7e3VkmVDrR8lvWVLtrOFw=
github.com/edsrzf/mmap-go v1.0.0/go.mod h1:YO35OhQPt3KJa3ryjFM5Bs14WD66h8eGKpfaBNrHW5M=
github.com/emirpasic/gods v1.12.0 h1:QAUIPSaCu4G+POclxeqb3F+WPpdKqFGlw36+yOzGlrg=
github.com/emirpasic/gods v1.12.0/go.mod h1:YfzfFFoVP/catgzJb4IKIqXjX78Ha8FMSDh3ymbK86o=
github.com/ethereum/go-ethereum v1.8.23 h1:xVKYpRpe3cbkaWN8gsRgStsyTvz3s82PcQsbEofjhEQ=
github.com/ethereum/go-ethereum v1.8.23/go.mod h1:PwpWDrCLZrV+tfrhqqF6kPknbISMHaJv9Ln3kPCZLwY=
github.com/ethereum/go-ethereum v1.9.6 h1:EacwxMGKZezZi+m3in0Tlyk0veDQgnfZ9BjQqHAaQLM=
github.com/ethereum/go-ethereum v1.9.6/go.mod h1:PwpWDrCLZrV+tfrhqqF6kPknbISMHaJv9Ln3kPCZLwY=
github.com/fsnotify/fsnotify v1.4.7/go.mod h1:jwhsz4b93w/PPRr/qN1Yymfu8t87LnFCMoQvtojpjFo=
github.com/go-interpreter/wagon v0.6.0 h1:BBxDxjiJiHgw9EdkYXAWs8NHhwnazZ5P2EWBW5hFNWw=
github.com/go-interpreter/wagon v0.6.0/go.mod h1:5+b/MBYkclRZngKF5s6qrgWxSLgE9F5dFdO1hAueZLc=
github.com/gogo/protobuf v1.2.1 h1:/s5zKNz0uPFCZ5hddgPdo2TK2TVrUNMn0OOX8/aZMTE=
github.com/gogo/protobuf v1.2.1/go.mod h1:hp+jE20tsWTFYpLwKvXlhS1hjn+gTNwPg2I6zVXpSg4=
github.com/gogo/protobuf v1.3.1 h1:DqDEcV5aeaTmdFBePNpYsp3FlcVH/2ISVVM9Qf8PSls=
github.com/gogo/protobuf v1.3.1/go.mod h1:SlYgWuQ5SjCEi6WLHjHCa1yvBfUnHcTbrrZtXPKa29o=
github.com/golang/protobuf v1.2.0/go.mod h1:6lQm79b+lXiMfvg/cZm0SGofjICqVBUtrP5yJMmIC1U=
github.com/golang/snappy v0.0.0-20180518054509-2e65f85255db h1:woRePGFeVFfLKN/pOkfl+p/TAqKOfFu+7KPlMVpok/w=
github.com/golang/snappy v0.0.0-20180518054509-2e65f85255db/go.mod h1:/XxbfmMg8lxefKM7IXC3fBNl/7bRcc72aCRzEWrmP2Q=
github.com/google/uuid v1.0.0/go.mod h1:TIyPZe4MgqvfeYDBFedMoGGpEw/LqOeaOT+nhxU+yHo=
github.com/gorilla/websocket v1.2.0 h1:VJtLvh6VQym50czpZzx07z/kw9EgAxI3x1ZB8taTMQQ=
github.com/gorilla/websocket v1.2.0/go.mod h1:E7qHFY5m1UJ88s3WnNqhKjPHQ0heANvMoAMk2YaljkQ=
github.com/gorilla/websocket v1.4.1 h1:q7AeDBpnBk8AogcD4DSag/Ukw/KV+YhzLj2bP5HvKCM=
github.com/gorilla/websocket v1.4.1/go.mod h1:YR8l580nyteQvAITg2hZ9XVh4b55+EU/adAjf1fMHhE=
github.com/gosuri/uilive v0.0.3/go.mod h1:qkLSc0A5EXSP6B04TrN4oQoxqFI7A8XvoXSlJi8cwk8=
github.com/gosuri/uiprogress v0.0.1/go.mod h1:C1RTYn4Sc7iEyf6j8ft5dyoZ4212h8G1ol9QQluh5+0=
github.com/hashicorp/golang-lru v0.5.3 h1:YPkqC67at8FYaadspW/6uE0COsBxS2656RLEr8Bppgk=
github.com/hashicorp/golang-lru v0.5.3/go.mod h1:iADmTwqILo4mZ8BN3D2Q6+9jd8WM5uGBxy+E8yxSoD4=
github.com/howeyc/gopass v0.0.0-20170109162249-bf9dde6d0d2c/go.mod h1:lADxMC39cJJqL93Duh1xhAs4I2Zs8mKS89XWXFGp9cs=
github.com/howeyc/gopass v0.0.0-20190910152052-7cb4b85ec19c/go.mod h1:lADxMC39cJJqL93Duh1xhAs4I2Zs8mKS89XWXFGp9cs=
github.com/hpcloud/tail v1.0.0/go.mod h1:ab1qPbhIpdTxEkNHXyeSf5vhxWSCs/tWer42PpOxQnU=
github.com/itchyny/base58-go v0.0.5 h1:uv3ieMgCtuE9HtN0Gux375+GOApFnifLkyvSseHBaH0=
github.com/itchyny/base58-go v0.0.5/go.mod h1:SrMWPE3DFuJJp1M/RUhu4fccp/y9AlB8AL3o3duPToU=
github.com/jessevdk/go-flags v1.4.0/go.mod h1:4FA24M0QyGHXBuZZK/XkWh8h0e1EYbRYJSGM75WSRxI=
github.com/kisielk/errcheck v1.1.0/go.mod h1:EZBBE59ingxPouuu3KfxchcWSUPOHkagtvWXihfKN4Q=
github.com/kisielk/errcheck v1.2.0/go.mod h1:/BMXB+zMLi60iA8Vv6Ksmxu/1UDYcXs4uQLJ+jE2L00=
github.com/kisielk/gotool v1.0.0/go.mod h1:XhKaO+MFFWcvkIS/tQcRk01m1F5IRFswLeQ+oQHNcck=
github.com/mattn/go-isatty v0.0.8/go.mod h1:Iq45c/XA43vh69/j3iqttzPXn0bhXyGjM0Hdxcsrc5s=
github.com/mattn/go-isatty v0.0.10/go.mod h1:qgIWMr58cqv1PHHyhnkY9lrL7etaEgOFcMEpPG5Rm84=
github.com/onsi/ginkgo v1.6.0/go.mod h1:lLunBs/Ym6LB5Z9jYTR76FiuTmxDTDusOGeTQH+WWjE=
github.com/onsi/ginkgo v1.7.0/go.mod h1:lLunBs/Ym6LB5Z9jYTR76FiuTmxDTDusOGeTQH+WWjE=
github.com/onsi/gomega v1.4.3/go.mod h1:ex+gbHU/CVuBBDIJjb2X0qEXbFg53c61hWP/1CpauHY=
github.com/ontio/go-bip32 v0.0.0-20190520025953-d3cea6894a2b h1:UQDN12BzdWhXQL0t2QcRixHqAIG+JKNvQ20DhrIODtU=
github.com/ontio/go-bip32 v0.0.0-20190520025953-d3cea6894a2b/go.mod h1:J0eVc7BEMmVVXbGv9PHoxjRSEwOwLr0qfzPk8Rdl5iw=
github.com/ontio/ontology v1.7.2 h1:wJkoJdN4CCiUUVX54AXHFeY1/px5qX5+MVMNSiYoMYU=
github.com/ontio/ontology v1.7.2/go.mod h1:H2TJf8HRWHgqgIEVoOt0KzZZ0GOU5V2uIWyej4vhHOg=
github.com/ontio/ontology v1.8.1 h1:DuKrhqYmVK/HWnn3EFnrW8VA73M6l6nw8YvF8EeDevg=
github.com/ontio/ontology v1.8.1/go.mod h1:MTgI1lX/ur4Eq0Pz+saLEDwMquAih3VQQ84+TGpghxc=
github.com/ontio/ontology-crypto v1.0.5/go.mod h1:ebrQJ4/VS2F6pwHGktHDYtY/7Y2ca/ogfnlYABrQI2c=
github.com/ontio/ontology-crypto v1.0.6 h1:U4Yrcq9zH3af8m8hk9nrgwkOqoAYmRtiZnrEkZztNlQ=
github.com/ontio/ontology-crypto v1.0.6/go.mod h1:ebrQJ4/VS2F6pwHGktHDYtY/7Y2ca/ogfnlYABrQI2c=
github.com/ontio/ontology-eventbus v0.9.1 h1:nt3AXWx3gOyqtLiU4EwI92Yc4ik/pWHu9xRK15uHSOs=
github.com/ontio/ontology-eventbus v0.9.1/go.mod h1:hCQIlbdPckcfykMeVUdWrqHZ8d30TBdmLfXCVWGkYhM=
github.com/ontio/ontology-go-sdk v1.0.9 h1:9JyUeD7JUt15tSxl4tE3wJNfCogVA0XrjJkm6CIHAa8=
github.com/ontio/ontology-go-sdk v1.0.9/go.mod h1:HeRiwU9NBfsnPNAuB2EAKj8roZTv+HTumtFSik8IcV0=
github.com/orcaman/concurrent-map v0.0.0-20190314100340-2693aad1ed75 h1:IV56VwUb9Ludyr7s53CMuEh4DdTnnQtEPLEgLyJ0kHI=
github.com/orcaman/concurrent-map v0.0.0-20190314100340-2693aad1ed75/go.mod h1:Lu3tH6HLW3feq74c2GC+jIMS/K2CFcDWnWD9XkenwhI=
github.com/orcaman/concurrent-map v0.0.0-20190826125027-8c72a8bb44f6 h1:lNCW6THrCKBiJBpz8kbVGjC7MgdCGKwuvBgc7LoD6sw=
github.com/orcaman/concurrent-map v0.0.0-20190826125027-8c72a8bb44f6/go.mod h1:Lu3tH6HLW3feq74c2GC+jIMS/K2CFcDWnWD9XkenwhI=
github.com/pborman/uuid v1.2.0/go.mod h1:X/NO0urCmaxf9VXbdlT7C2Yzkj2IKimNn4k+gtPdI/k=
github.com/pmezard/go-difflib v1.0.0/go.mod h1:iKH77koFhYxTK1pcRnkKkqfTogsbg7gZNVY4sRDYZ/4=
github.com/russross/blackfriday/v2 v2.0.1/go.mod h1:+Rmxgy9KzJVeS9/2gXHxylqXiyQDYRxCVz55jmeOWTM=
github.com/shurcooL/sanitized_anchor_name v1.0.0/go.mod h1:1NzhyTcUVG4SuEtjjoZeVRXNmyL/1OwPU0+IJeTBvfc=
github.com/stretchr/objx v0.1.0/go.mod h1:HFkY916IF+rwdDfMAkV7OtwuqBVzrE8GR6GFx+wExME=
github.com/stretchr/testify v1.3.0/go.mod h1:M5WIy9Dh21IEIfnGCwXGc5bZfKNJtfHm1UVUgZn+9EI=
github.com/syndtr/goleveldb v1.0.0 h1:fBdIW9lB4Iz0n9khmH8w27SJ3QEJ7+IgjPEwGSZiFdE=
github.com/syndtr/goleveldb v1.0.0/go.mod h1:ZVVdQEZoIme9iO1Ch2Jdy24qqXrMMOU6lpPAyBWyWuQ=
github.com/twitchyliquid64/golang-asm v0.0.0-20190126203739-365674df15fc h1:RTUQlKzoZZVG3umWNzOYeFecQLIh+dbxXvJp1zPQJTI=
github.com/twitchyliquid64/golang-asm v0.0.0-20190126203739-365674df15fc/go.mod h1:NoCfSFWosfqMqmmD7hApkirIK9ozpHjxRnRxs1l413A=
github.com/tyler-smith/go-bip39 v1.0.2 h1:+t3w+KwLXO6154GNJY+qUtIxLTmFjfUmpguQT1OlOT8=
github.com/tyler-smith/go-bip39 v1.0.2/go.mod h1:sJ5fKU0s6JVwZjjcUEX2zFOnvq0ASQ2K9Zr6cf67kNs=
github.com/urfave/cli v1.21.0/go.mod h1:lxDj6qX9Q6lWQxIrbrT0nwecwUtRnhVZAJjJZrVUZZQ=
github.com/urfave/cli v1.22.1/go.mod h1:Gos4lmkARVdJ6EkW0WaNv/tZAAMe9V7XWyB60NtXRu0=
github.com/valyala/bytebufferpool v1.0.0/go.mod h1:6bBcMArwyJ5K/AmCkWv1jt77kVWyCJ6HpOuEn7z0Csc=
golang.org/x/crypto v0.0.0-20190308221718-c2843e01d9a2/go.mod h1:djNgcEr1/C05ACkg1iLfiJU5Ep61QUkGW8qpdssI0+w=
golang.org/x/crypto v0.0.0-20190701094942-4def268fd1a4 h1:HuIa8hRrWRSrqYzx1qI49NNxhdi2PrY7gxVSq1JjLDc=
golang.org/x/crypto v0.0.0-20190701094942-4def268fd1a4/go.mod h1:yigFU9vqHzYiE8UmvKecakEJjdnWj3jj499lnFckfCI=
golang.org/x/crypto v0.0.0-20191029031824-8986dd9e96cf h1:fnPsqIDRbCSgumaMCRpoIoF2s4qxv0xSSS0BVZUE/ss=
golang.org/x/crypto v0.0.0-20191029031824-8986dd9e96cf/go.mod h1:LzIPMQfyMNhhGPhUkYOs5KpL4U8rLKemX1yGLhDgUto=
golang.org/x/net v0.0.0-20180906233101-161cd47e91fd/go.mod h1:mL1N/T3taQHkDXs73rZJwtUhF3w3ftmwwsq0BUmARs4=
golang.org/x/net v0.0.0-20190404232315-eb5bcb51f2a3/go.mod h1:t9HGtf8HONx5eT2rtn7q6eTqICYqUVnKs3thJo3Qplg=
golang.org/x/net v0.0.0-20190724013045-ca1201d0de80/go.mod h1:z5CRVTTTmAJ677TzLLGU+0bjPO0LkuOLi4/5GtJWs/s=
golang.org/x/net v0.0.0-20191028085509-fe3aa8a45271/go.mod h1:z5CRVTTTmAJ677TzLLGU+0bjPO0LkuOLi4/5GtJWs/s=
golang.org/x/sync v0.0.0-20180314180146-1d60e4601c6f/go.mod h1:RxMgew5VJxzue5/jJTE5uejpjVlOe/izrB70Jof72aM=
golang.org/x/sys v0.0.0-20180909124046-d0be0721c37e/go.mod h1:STP8DvDyc/dI5b8T5hshtkjS+E42TnysNCUPdjciGhY=
golang.org/x/sys v0.0.0-20190215142949-d0b11bdaac8a/go.mod h1:STP8DvDyc/dI5b8T5hshtkjS+E42TnysNCUPdjciGhY=
golang.org/x/sys v0.0.0-20190222072716-a9d3bda3a223/go.mod h1:STP8DvDyc/dI5b8T5hshtkjS+E42TnysNCUPdjciGhY=
golang.org/x/sys v0.0.0-20190306220234-b354f8bf4d9e/go.mod h1:STP8DvDyc/dI5b8T5hshtkjS+E42TnysNCUPdjciGhY=
golang.org/x/sys v0.0.0-20190412213103-97732733099d/go.mod h1:h1NjWce9XRLGQEsW7wpKNCjG9DtNlClVuFLEZdDNbEs=
golang.org/x/sys v0.0.0-20191008105621-543471e840be h1:QAcqgptGM8IQBC9K/RC4o+O9YmqEm0diQn9QmZw/0mU=
golang.org/x/sys v0.0.0-20191008105621-543471e840be/go.mod h1:h1NjWce9XRLGQEsW7wpKNCjG9DtNlClVuFLEZdDNbEs=
golang.org/x/text v0.3.0/go.mod h1:NqM8EUOU14njkJ3fqMW+pc6Ldnwhi/IjpwHt7yyuwOQ=
golang.org/x/tools v0.0.0-20180221164845-07fd8470d635/go.mod h1:n7NCudcB/nEzxVGmLbDWY5pfWTLqBcC2KZ6jyYvM4mQ=
golang.org/x/tools v0.0.0-20181030221726-6c7e314b6563/go.mod h1:n7NCudcB/nEzxVGmLbDWY5pfWTLqBcC2KZ6jyYvM4mQ=
gopkg.in/check.v1 v0.0.0-20161208181325-20d25e280405/go.mod h1:Co6ibVJAznAaIkqp8huTwlJQCZ016jof/cbN4VW5Yz0=
gopkg.in/fsnotify.v1 v1.4.7/go.mod h1:Tz8NjZHkW78fSQdbUxIjBTcgA1z1m8ZHf0WmKUhAMys=
gopkg.in/tomb.v1 v1.0.0-20141024135613-dd632973f1e7/go.mod h1:dt/ZhP58zS4L8KSrWDmTeBkI65Dw0HsyUHuEVlX15mw=
gopkg.in/yaml.v2 v2.2.1/go.mod h1:hI93XBmqTisBFMUTm0b8Fm+jr3Dg1NNxqwp+5A1VGuI=
gopkg.in/yaml.v2 v2.2.2/go.mod h1:hI93XBmqTisBFMUTm0b8Fm+jr3Dg1NNxqwp+5A1VGuI=
